
Microsoft Visual Studio Solution File, Format Version 12.00
# Visual Studio 14
VisualStudioVersion = 14.0.25420.1
MinimumVisualStudioVersion = 10.0.40219.1
Project("{FAE04EC0-301F-11D3-BF4B-00C04F79EFBC}") = "Wpf First Project", "Wpf First Project\Wpf First Project.csproj", "{4009A0BE-5D42-4C52-9FBB-DD9B66CFB058}"
EndProject
Project("{54435603-DBB4-11D2-8724-00A0C9A8B90C}") = "BIM Secretary Tools Setup", "BIM Secretary Tools Setup\BIM Secretary Tools Setup.vdproj", "{068EB69E-85DA-4EDD-9F6B-C689DD97163E}"
EndProject
Global
	GlobalSection(SolutionConfigurationPlatforms) = preSolution
		CD_ROM|Any CPU = CD_ROM|Any CPU
		Debug|Any CPU = Debug|Any CPU
		DVD-5|Any CPU = DVD-5|Any CPU
		Release|Any CPU = Release|Any CPU
		SingleImage|Any CPU = SingleImage|Any CPU
	EndGlobalSection
	GlobalSection(ProjectConfigurationPlatforms) = postSolution
		{4009A0BE-5D42-4C52-9FBB-DD9B66CFB058}.CD_ROM|Any CPU.ActiveCfg = Release|Any CPU
		{4009A0BE-5D42-4C52-9FBB-DD9B66CFB058}.CD_ROM|Any CPU.Build.0 = Release|Any CPU
		{4009A0BE-5D42-4C52-9FBB-DD9B66CFB058}.Debug|Any CPU.ActiveCfg = Debug|Any CPU
		{4009A0BE-5D42-4C52-9FBB-DD9B66CFB058}.Debug|Any CPU.Build.0 = Debug|Any CPU
		{4009A0BE-5D42-4C52-9FBB-DD9B66CFB058}.DVD-5|Any CPU.ActiveCfg = Debug|Any CPU
		{4009A0BE-5D42-4C52-9FBB-DD9B66CFB058}.DVD-5|Any CPU.Build.0 = Debug|Any CPU
		{4009A0BE-5D42-4C52-9FBB-DD9B66CFB058}.Release|Any CPU.ActiveCfg = Release|Any CPU
		{4009A0BE-5D42-4C52-9FBB-DD9B66CFB058}.Release|Any CPU.Build.0 = Release|Any CPU
		{4009A0BE-5D42-4C52-9FBB-DD9B66CFB058}.SingleImage|Any CPU.ActiveCfg = Release|Any CPU
		{4009A0BE-5D42-4C52-9FBB-DD9B66CFB058}.SingleImage|Any CPU.Build.0 = Release|Any CPU
		{068EB69E-85DA-4EDD-9F6B-C689DD97163E}.CD_ROM|Any CPU.ActiveCfg = Release
		{068EB69E-85DA-4EDD-9F6B-C689DD97163E}.Debug|Any CPU.ActiveCfg = Debug
		{068EB69E-85DA-4EDD-9F6B-C689DD97163E}.DVD-5|Any CPU.ActiveCfg = Debug
		{068EB69E-85DA-4EDD-9F6B-C689DD97163E}.Release|Any CPU.ActiveCfg = Release
		{068EB69E-85DA-4EDD-9F6B-C689DD97163E}.SingleImage|Any CPU.ActiveCfg = Release
	EndGlobalSection
	GlobalSection(SolutionProperties) = preSolution
		HideSolutionNode = FALSE
	EndGlobalSection
EndGlobal
